// !$*UTF8*$!
{
	archiveVersion = 1;
	classes = {
	};
	objectVersion = 77;
	objects = {

/* Begin PBXBuildFile section */
		378650522D6175640058FB55 /* CalendarTestWithSwiftDataApp.swift in Sources */ = {isa = PBXBuildFile; fileRef = 3786504D2D6175640058FB55 /* CalendarTestWithSwiftDataApp.swift */; };
		378650532D6175640058FB55 /* ContentView.swift in Sources */ = {isa = PBXBuildFile; fileRef = 3786504E2D6175640058FB55 /* ContentView.swift */; };
		378650542D6175640058FB55 /* Item.swift in Sources */ = {isa = PBXBuildFile; fileRef = 378650502D6175640058FB55 /* Item.swift */; };
		378650552D6175640058FB55 /* Preview Assets.xcassets in Resources */ = {isa = PBXBuildFile; fileRef = 378650492D6175640058FB55 /* Preview Assets.xcassets */; };
		378650562D6175640058FB55 /* Assets.xcassets in Resources */ = {isa = PBXBuildFile; fileRef = 3786504B2D6175640058FB55 /* Assets.xcassets */; };
		3786505D2D6175DC0058FB55 /* Home.swift in Sources */ = {isa = PBXBuildFile; fileRef = 3786505C2D6175DC0058FB55 /* Home.swift */; };
		3786505F2D6176960058FB55 /* CustomDatePicker.swift in Sources */ = {isa = PBXBuildFile; fileRef = 3786505E2D6176960058FB55 /* CustomDatePicker.swift */; };
		378650612D617ED60058FB55 /* DateValue.swift in Sources */ = {isa = PBXBuildFile; fileRef = 378650602D617ED00058FB55 /* DateValue.swift */; };
		378650632D61A7970058FB55 /* Task.swift in Sources */ = {isa = PBXBuildFile; fileRef = 378650622D61A7970058FB55 /* Task.swift */; };
/* End PBXBuildFile section */

/* Begin PBXFileReference section */
		378650492D6175640058FB55 /* Preview Assets.xcassets */ = {isa = PBXFileReference; lastKnownFileType = folder.assetcatalog; path = "Preview Assets.xcassets"; sourceTree = "<group>"; };
		3786504B2D6175640058FB55 /* Assets.xcassets */ = {isa = PBXFileReference; lastKnownFileType = folder.assetcatalog; path = Assets.xcassets; sourceTree = "<group>"; };
		3786504C2D6175640058FB55 /* CalendarTestWithSwiftData.entitlements */ = {isa = PBXFileReference; lastKnownFileType = text.plist.entitlements; path = CalendarTestWithSwiftData.entitlements; sourceTree = "<group>"; };
		3786504D2D6175640058FB55 /* CalendarTestWithSwiftDataApp.swift */ = {isa = PBXFileReference; lastKnownFileType = sourcecode.swift; path = CalendarTestWithSwiftDataApp.swift; sourceTree = "<group>"; };
		3786504E2D6175640058FB55 /* ContentView.swift */ = {isa = PBXFileReference; lastKnownFileType = sourcecode.swift; path = ContentView.swift; sourceTree = "<group>"; };
		3786504F2D6175640058FB55 /* Info.plist */ = {isa = PBXFileReference; lastKnownFileType = text.plist.xml; path = Info.plist; sourceTree = "<group>"; };
		378650502D6175640058FB55 /* Item.swift */ = {isa = PBXFileReference; lastKnownFileType = sourcecode.swift; path = Item.swift; sourceTree = "<group>"; };
		3786505C2D6175DC0058FB55 /* Home.swift */ = {isa = PBXFileReference; lastKnownFileType = sourcecode.swift; path = Home.swift; sourceTree = "<group>"; };
		3786505E2D6176960058FB55 /* CustomDatePicker.swift */ = {isa = PBXFileReference; lastKnownFileType = sourcecode.swift; path = CustomDatePicker.swift; sourceTree = "<group>"; };
		378650602D617ED00058FB55 /* DateValue.swift */ = {isa = PBXFileReference; lastKnownFileType = sourcecode.swift; path = DateValue.swift; sourceTree = "<group>"; };
		378650622D61A7970058FB55 /* Task.swift */ = {isa = PBXFileReference; lastKnownFileType = sourcecode.swift; path = Task.swift; sourceTree = "<group>"; };
		37E97FFC2D5B022500C86669 /* CalendarTestWithSwiftData.app */ = {isa = PBXFileReference; explicitFileType = wrapper.application; includeInIndex = 0; path = CalendarTestWithSwiftData.app; sourceTree = BUILT_PRODUCTS_DIR; };
/* End PBXFileReference section */

/* Begin PBXFrameworksBuildPhase section */
		37E97FF92D5B022500C86669 /* Frameworks */ = {
			isa = PBXFrameworksBuildPhase;
			buildActionMask = 2147483647;
			files = (
			);
			runOnlyForDeploymentPostprocessing = 0;
		};
/* End PBXFrameworksBuildPhase section */

/* Begin PBXGroup section */
		3786504A2D6175640058FB55 /* Preview Content */ = {
			isa = PBXGroup;
			children = (
				378650492D6175640058FB55 /* Preview Assets.xcassets */,
			);
			path = "Preview Content";
			sourceTree = "<group>";
		};
		378650512D6175640058FB55 /* CalendarTestWithSwiftData */ = {
			isa = PBXGroup;
			children = (
				3786504A2D6175640058FB55 /* Preview Content */,
				3786504B2D6175640058FB55 /* Assets.xcassets */,
				3786504C2D6175640058FB55 /* CalendarTestWithSwiftData.entitlements */,
				3786504D2D6175640058FB55 /* CalendarTestWithSwiftDataApp.swift */,
				3786504F2D6175640058FB55 /* Info.plist */,
				378650582D6175850058FB55 /* Model */,
				378650592D6175A30058FB55 /* View */,
			);
			path = CalendarTestWithSwiftData;
			sourceTree = "<group>";
		};
		378650582D6175850058FB55 /* Model */ = {
			isa = PBXGroup;
			children = (
				378650602D617ED00058FB55 /* DateValue.swift */,
				378650622D61A7970058FB55 /* Task.swift */,
				378650502D6175640058FB55 /* Item.swift */,
			);
			path = Model;
			sourceTree = "<group>";
		};
		378650592D6175A30058FB55 /* View */ = {
			isa = PBXGroup;
			children = (
				3786505C2D6175DC0058FB55 /* Home.swift */,
				3786505E2D6176960058FB55 /* CustomDatePicker.swift */,
				3786504E2D6175640058FB55 /* ContentView.swift */,
			);
			path = View;
			sourceTree = "<group>";
		};
		37E97FF32D5B022500C86669 = {
			isa = PBXGroup;
			children = (
				378650512D6175640058FB55 /* CalendarTestWithSwiftData */,
				37E97FFD2D5B022500C86669 /* Products */,
			);
			sourceTree = "<group>";
		};
		37E97FFD2D5B022500C86669 /* Products */ = {
			isa = PBXGroup;
			children = (
				37E97FFC2D5B022500C86669 /* CalendarTestWithSwiftData.app */,
			);
			name = Products;
			sourceTree = "<group>";
		};
/* End PBXGroup section */

/* Begin PBXNativeTarget section */
		37E97FFB2D5B022500C86669 /* CalendarTestWithSwiftData */ = {
			isa = PBXNativeTarget;
			buildConfigurationList = 37E9800D2D5B022600C86669 /* Build configuration list for PBXNativeTarget "CalendarTestWithSwiftData" */;
			buildPhases = (
				37E97FF82D5B022500C86669 /* Sources */,
				37E97FF92D5B022500C86669 /* Frameworks */,
				37E97FFA2D5B022500C86669 /* Resources */,
			);
			buildRules = (
			);
			dependencies = (
			);
			name = CalendarTestWithSwiftData;
			packageProductDependencies = (
			);
			productName = CalendarTestWithSwiftData;
			productReference = 37E97FFC2D5B022500C86669 /* CalendarTestWithSwiftData.app */;
			productType = "com.apple.product-type.application";
		};
/* End PBXNativeTarget section */

/* Begin PBXProject section */
		37E97FF42D5B022500C86669 /* Project object */ = {
			isa = PBXProject;
			attributes = {
				BuildIndependentTargetsInParallel = 1;
				LastSwiftUpdateCheck = 1620;
				LastUpgradeCheck = 1620;
				TargetAttributes = {
					37E97FFB2D5B022500C86669 = {
						CreatedOnToolsVersion = 16.2;
					};
				};
			};
			buildConfigurationList = 37E97FF72D5B022500C86669 /* Build configuration list for PBXProject "CalendarTestWithSwiftData" */;
			developmentRegion = en;
			hasScannedForEncodings = 0;
			knownRegions = (
				en,
				Base,
			);
			mainGroup = 37E97FF32D5B022500C86669;
			minimizedProjectReferenceProxies = 1;
			preferredProjectObjectVersion = 77;
			productRefGroup = 37E97FFD2D5B022500C86669 /* Products */;
			projectDirPath = "";
			projectRoot = "";
			targets = (
				37E97FFB2D5B022500C86669 /* CalendarTestWithSwiftData */,
			);
		};
/* End PBXProject section */

/* Begin PBXResourcesBuildPhase section */
		37E97FFA2D5B022500C86669 /* Resources */ = {
			isa = PBXResourcesBuildPhase;
			buildActionMask = 2147483647;
			files = (
				378650552D6175640058FB55 /* Preview Assets.xcassets in Resources */,
				378650562D6175640058FB55 /* Assets.xcassets in Resources */,
			);
			runOnlyForDeploymentPostprocessing = 0;
		};
/* End PBXResourcesBuildPhase section */

/* Begin PBXSourcesBuildPhase section */
		37E97FF82D5B022500C86669 /* Sources */ = {
			isa = PBXSourcesBuildPhase;
			buildActionMask = 2147483647;
			files = (
				3786505F2D6176960058FB55 /* CustomDatePicker.swift in Sources */,
				378650522D6175640058FB55 /* CalendarTestWithSwiftDataApp.swift in Sources */,
				378650532D6175640058FB55 /* ContentView.swift in Sources */,
				378650612D617ED60058FB55 /* DateValue.swift in Sources */,
				3786505D2D6175DC0058FB55 /* Home.swift in Sources */,
				378650632D61A7970058FB55 /* Task.swift in Sources */,
				378650542D6175640058FB55 /* Item.swift in Sources */,
			);
			runOnlyForDeploymentPostprocessing = 0;
		};
/* End PBXSourcesBuildPhase section */

/* Begin XCBuildConfiguration section */
		37E9800E2D5B022600C86669 /* Debug */ = {
			isa = XCBuildConfiguration;
			buildSettings = {
				ASSETCATALOG_COMPILER_APPICON_NAME = AppIcon;
				ASSETCATALOG_COMPILER_GLOBAL_ACCENT_COLOR_NAME = AccentColor;
				CODE_SIGN_ENTITLEMENTS = CalendarTestWithSwiftData/CalendarTestWithSwiftData.entitlements;
				CODE_SIGN_STYLE = Automatic;
				CURRENT_PROJECT_VERSION = 1;
				DEVELOPMENT_ASSET_PATHS = "\"CalendarTestWithSwiftData/Preview Content\"";
				DEVELOPMENT_TEAM = 76F4QKH7JS;
				ENABLE_PREVIEWS = YES;
				GENERATE_INFOPLIST_FILE = YES;
				INFOPLIST_FILE = CalendarTestWithSwiftData/Info.plist;
				INFOPLIST_KEY_UIApplicationSceneManifest_Generation = YES;
				INFOPLIST_KEY_UIApplicationSupportsIndirectInputEvents = YES;
				INFOPLIST_KEY_UILaunchScreen_Generation = YES;
				INFOPLIST_KEY_UISupportedInterfaceOrientations_iPad = "UIInterfaceOrientationPortrait UIInterfaceOrientationPortraitUpsideDown UIInterfaceOrientationLandscapeLeft UIInterfaceOrientationLandscapeRight";
				INFOPLIST_KEY_UISupportedInterfaceOrientations_iPhone = "UIInterfaceOrientationPortrait UIInterfaceOrientationLandscapeLeft UIInterfaceOrientationLandscapeRight";
				LD_RUNPATH_SEARCH_PATHS = (
					"$(inherited)",
					"@executable_path/Frameworks",
				);
				MARKETING_VERSION = 1.0;
				PRODUCT_BUNDLE_IDENTIFIER = RyujiS.CalendarTestWithSwiftData;
				PRODUCT_NAME = "$(TARGET_NAME)";
				SWIFT_EMIT_LOC_STRINGS = YES;
				SWIFT_VERSION = 5.0;
				TARGETED_DEVICE_FAMILY = "1,2";
			};
			name = Debug;
		};
		37E9800F2D5B022600C86669 /* Release */ = {
			isa = XCBuildConfiguration;
			buildSettings = {
				ASSETCATALOG_COMPILER_APPICON_NAME = AppIcon;
				ASSETCATALOG_COMPILER_GLOBAL_ACCENT_COLOR_NAME = AccentColor;
				CODE_SIGN_ENTITLEMENTS = CalendarTestWithSwiftData/CalendarTestWithSwiftData.entitlements;
				CODE_SIGN_STYLE = Automatic;
				CURRENT_PROJECT_VERSION = 1;
				DEVELOPMENT_ASSET_PATHS = "\"CalendarTestWithSwiftData/Preview Content\"";
				DEVELOPMENT_TEAM = 76F4QKH7JS;
				ENABLE_PREVIEWS = YES;
				GENERATE_INFOPLIST_FILE = YES;
				INFOPLIST_FILE = CalendarTestWithSwiftData/Info.plist;
				INFOPLIST_KEY_UIApplicationSceneManifest_Generation = YES;
				INFOPLIST_KEY_UIApplicationSupportsIndirectInputEvents = YES;
				INFOPLIST_KEY_UILaunchScreen_Generation = YES;
				INFOPLIST_KEY_UISupportedInterfaceOrientations_iPad = "UIInterfaceOrientationPortrait UIInterfaceOrientationPortraitUpsideDown UIInterfaceOrientationLandscapeLeft UIInterfaceOrientationLandscapeRight";
				INFOPLIST_KEY_UISupportedInterfaceOrientations_iPhone = "UIInterfaceOrientationPortrait UIInterfaceOrientationLandscapeLeft UIInterfaceOrientationLandscapeRight";
				LD_RUNPATH_SEARCH_PATHS = (
					"$(inherited)",
					"@executable_path/Frameworks",
				);
				MARKETING_VERSION = 1.0;
				PRODUCT_BUNDLE_IDENTIFIER = RyujiS.CalendarTestWithSwiftData;
				PRODUCT_NAME = "$(TARGET_NAME)";
				SWIFT_EMIT_LOC_STRINGS = YES;
				SWIFT_VERSION = 5.0;
				TARGETED_DEVICE_FAMILY = "1,2";
			};
			name = Release;
		};
		37E980102D5B022600C86669 /* Debug */ = {
			isa = XCBuildConfiguration;
			buildSettings = {
				ALWAYS_SEARCH_USER_PATHS = NO;
				ASSETCATALOG_COMPILER_GENERATE_SWIFT_ASSET_SYMBOL_EXTENSIONS = YES;
				CLANG_ANALYZER_NONNULL = YES;
				CLANG_ANALYZER_NUMBER_OBJECT_CONVERSION = YES_AGGRESSIVE;
				CLANG_CXX_LANGUAGE_STANDARD = "gnu++20";
				CLANG_ENABLE_MODULES = YES;
				CLANG_ENABLE_OBJC_ARC = YES;
				CLANG_ENABLE_OBJC_WEAK = YES;
				CLANG_WARN_BLOCK_CAPTURE_AUTORELEASING = YES;
				CLANG_WARN_BOOL_CONVERSION = YES;
				CLANG_WARN_COMMA = YES;
				CLANG_WARN_CONSTANT_CONVERSION = YES;
				CLANG_WARN_DEPRECATED_OBJC_IMPLEMENTATIONS = YES;
				CLANG_WARN_DIRECT_OBJC_ISA_USAGE = YES_ERROR;
				CLANG_WARN_DOCUMENTATION_COMMENTS = YES;
				CLANG_WARN_EMPTY_BODY = YES;
				CLANG_WARN_ENUM_CONVERSION = YES;
				CLANG_WARN_INFINITE_RECURSION = YES;
				CLANG_WARN_INT_CONVERSION = YES;
				CLANG_WARN_NON_LITERAL_NULL_CONVERSION = YES;
				CLANG_WARN_OBJC_IMPLICIT_RETAIN_SELF = YES;
				CLANG_WARN_OBJC_LITERAL_CONVERSION = YES;
				CLANG_WARN_OBJC_ROOT_CLASS = YES_ERROR;
				CLANG_WARN_QUOTED_INCLUDE_IN_FRAMEWORK_HEADER = YES;
				CLANG_WARN_RANGE_LOOP_ANALYSIS = YES;
				CLANG_WARN_STRICT_PROTOTYPES = YES;
				CLANG_WARN_SUSPICIOUS_MOVE = YES;
				CLANG_WARN_UNGUARDED_AVAILABILITY = YES_AGGRESSIVE;
				CLANG_WARN_UNREACHABLE_CODE = YES;
				CLANG_WARN__DUPLICATE_METHOD_MATCH = YES;
				COPY_PHASE_STRIP = NO;
				DEBUG_INFORMATION_FORMAT = dwarf;
				ENABLE_STRICT_OBJC_MSGSEND = YES;
				ENABLE_TESTABILITY = YES;
				ENABLE_USER_SCRIPT_SANDBOXING = YES;
				GCC_C_LANGUAGE_STANDARD = gnu17;
				GCC_DYNAMIC_NO_PIC = NO;
				GCC_NO_COMMON_BLOCKS = YES;
				GCC_OPTIMIZATION_LEVEL = 0;
				GCC_PREPROCESSOR_DEFINITIONS = (
					"DEBUG=1",
					"$(inherited)",
				);
				GCC_WARN_64_TO_32_BIT_CONVERSION = YES;
				GCC_WARN_ABOUT_RETURN_TYPE = YES_ERROR;
				GCC_WARN_UNDECLARED_SELECTOR = YES;
				GCC_WARN_UNINITIALIZED_AUTOS = YES_AGGRESSIVE;
				GCC_WARN_UNUSED_FUNCTION = YES;
				GCC_WARN_UNUSED_VARIABLE = YES;
				IPHONEOS_DEPLOYMENT_TARGET = 18.2;
				LOCALIZATION_PREFERS_STRING_CATALOGS = YES;
				MTL_ENABLE_DEBUG_INFO = INCLUDE_SOURCE;
				MTL_FAST_MATH = YES;
				ONLY_ACTIVE_ARCH = YES;
				SDKROOT = iphoneos;
				SWIFT_ACTIVE_COMPILATION_CONDITIONS = "DEBUG $(inherited)";
				SWIFT_OPTIMIZATION_LEVEL = "-Onone";
			};
			name = Debug;
		};
		37E980112D5B022600C86669 /* Release */ = {
			isa = XCBuildConfiguration;
			buildSettings = {
				ALWAYS_SEARCH_USER_PATHS = NO;
				ASSETCATALOG_COMPILER_GENERATE_SWIFT_ASSET_SYMBOL_EXTENSIONS = YES;
				CLANG_ANALYZER_NONNULL = YES;
				CLANG_ANALYZER_NUMBER_OBJECT_CONVERSION = YES_AGGRESSIVE;
				CLANG_CXX_LANGUAGE_STANDARD = "gnu++20";
				CLANG_ENABLE_MODULES = YES;
				CLANG_ENABLE_OBJC_ARC = YES;
				CLANG_ENABLE_OBJC_WEAK = YES;
				CLANG_WARN_BLOCK_CAPTURE_AUTORELEASING = YES;
				CLANG_WARN_BOOL_CONVERSION = YES;
				CLANG_WARN_COMMA = YES;
				CLANG_WARN_CONSTANT_CONVERSION = YES;
				CLANG_WARN_DEPRECATED_OBJC_IMPLEMENTATIONS = YES;
				CLANG_WARN_DIRECT_OBJC_ISA_USAGE = YES_ERROR;
				CLANG_WARN_DOCUMENTATION_COMMENTS = YES;
				CLANG_WARN_EMPTY_BODY = YES;
				CLANG_WARN_ENUM_CONVERSION = YES;
				CLANG_WARN_INFINITE_RECURSION = YES;
				CLANG_WARN_INT_CONVERSION = YES;
				CLANG_WARN_NON_LITERAL_NULL_CONVERSION = YES;
				CLANG_WARN_OBJC_IMPLICIT_RETAIN_SELF = YES;
				CLANG_WARN_OBJC_LITERAL_CONVERSION = YES;
				CLANG_WARN_OBJC_ROOT_CLASS = YES_ERROR;
				CLANG_WARN_QUOTED_INCLUDE_IN_FRAMEWORK_HEADER = YES;
				CLANG_WARN_RANGE_LOOP_ANALYSIS = YES;
				CLANG_WARN_STRICT_PROTOTYPES = YES;
				CLANG_WARN_SUSPICIOUS_MOVE = YES;
				CLANG_WARN_UNGUARDED_AVAILABILITY = YES_AGGRESSIVE;
				CLANG_WARN_UNREACHABLE_CODE = YES;
				CLANG_WARN__DUPLICATE_METHOD_MATCH = YES;
				COPY_PHASE_STRIP = NO;
				DEBUG_INFORMATION_FORMAT = "dwarf-with-dsym";
				ENABLE_NS_ASSERTIONS = NO;
				ENABLE_STRICT_OBJC_MSGSEND = YES;
				ENABLE_USER_SCRIPT_SANDBOXING = YES;
				GCC_C_LANGUAGE_STANDARD = gnu17;
				GCC_NO_COMMON_BLOCKS = YES;
				GCC_WARN_64_TO_32_BIT_CONVERSION = YES;
				GCC_WARN_ABOUT_RETURN_TYPE = YES_ERROR;
				GCC_WARN_UNDECLARED_SELECTOR = YES;
				GCC_WARN_UNINITIALIZED_AUTOS = YES_AGGRESSIVE;
				GCC_WARN_UNUSED_FUNCTION = YES;
				GCC_WARN_UNUSED_VARIABLE = YES;
				IPHONEOS_DEPLOYMENT_TARGET = 18.2;
				LOCALIZATION_PREFERS_STRING_CATALOGS = YES;
				MTL_ENABLE_DEBUG_INFO = NO;
				MTL_FAST_MATH = YES;
				SDKROOT = iphoneos;
				SWIFT_COMPILATION_MODE = wholemodule;
				VALIDATE_PRODUCT = YES;
			};
			name = Release;
		};
/* End XCBuildConfiguration section */

/* Begin XCConfigurationList section */
		37E97FF72D5B022500C86669 /* Build configuration list for PBXProject "CalendarTestWithSwiftData" */ = {
			isa = XCConfigurationList;
			buildConfigurations = (
				37E980102D5B022600C86669 /* Debug */,
				37E980112D5B022600C86669 /* Release */,
			);
			defaultConfigurationIsVisible = 0;
			defaultConfigurationName = Release;
		};
		37E9800D2D5B022600C86669 /* Build configuration list for PBXNativeTarget "CalendarTestWithSwiftData" */ = {
			isa = XCConfigurationList;
			buildConfigurations = (
				37E9800E2D5B022600C86669 /* Debug */,
				37E9800F2D5B022600C86669 /* Release */,
			);
			defaultConfigurationIsVisible = 0;
			defaultConfigurationName = Release;
		};
/* End XCConfigurationList section */
	};
	rootObject = 37E97FF42D5B022500C86669 /* Project object */;
}
